
Microsoft Visual Studio Solution File, Format Version 12.00
# Visual Studio Version 17
VisualStudioVersion = 17.7.34003.232
MinimumVisualStudioVersion = 10.0.40219.1
Project("{FAE04EC0-301F-11D3-BF4B-00C04F79EFBC}") = "40-DictionaryExercice", "40-DictionaryExercice\40-DictionaryExercice.csproj", "{95230B32-1B25-4B98-B242-F1274E897CDA}"
EndProject
Global
	GlobalSection(SolutionConfigurationPlatforms) = preSolution
		Debug|Any CPU = Debug|Any CPU
		Release|Any CPU = Release|Any CPU
	EndGlobalSection
	GlobalSection(ProjectConfigurationPlatforms) = postSolution
		{95230B32-1B25-4B98-B242-F1274E897CDA}.Debug|Any CPU.ActiveCfg = Debug|Any CPU
		{95230B32-1B25-4B98-B242-F1274E897CDA}.Debug|Any CPU.Build.0 = Debug|Any CPU
		{95230B32-1B25-4B98-B242-F1274E897CDA}.Release|Any CPU.ActiveCfg = Release|Any CPU
		{95230B32-1B25-4B98-B242-F1274E897CDA}.Release|Any CPU.Build.0 = Release|Any CPU
	EndGlobalSection
	GlobalSection(SolutionProperties) = preSolution
		HideSolutionNode = FALSE
	EndGlobalSection
	GlobalSection(ExtensibilityGlobals) = postSolution
		SolutionGuid = {9B8FC841-DC07-4931-AFDA-A5F9F8CE1375}
	EndGlobalSection
EndGlobal
