
Microsoft Visual Studio Solution File, Format Version 12.00
# Visual Studio Version 17
VisualStudioVersion = 17.7.34003.232
MinimumVisualStudioVersion = 10.0.40219.1
Project("{FAE04EC0-301F-11D3-BF4B-00C04F79EFBC}") = "30-HerdarXCumprirContrato", "30-HerdarXCumprirContrato\30-HerdarXCumprirContrato.csproj", "{5CB2BA52-A94E-4C8C-99EB-B62FE2017216}"
EndProject
Global
	GlobalSection(SolutionConfigurationPlatforms) = preSolution
		Debug|Any CPU = Debug|Any CPU
		Release|Any CPU = Release|Any CPU
	EndGlobalSection
	GlobalSection(ProjectConfigurationPlatforms) = postSolution
		{5CB2BA52-A94E-4C8C-99EB-B62FE2017216}.Debug|Any CPU.ActiveCfg = Debug|Any CPU
		{5CB2BA52-A94E-4C8C-99EB-B62FE2017216}.Debug|Any CPU.Build.0 = Debug|Any CPU
		{5CB2BA52-A94E-4C8C-99EB-B62FE2017216}.Release|Any CPU.ActiveCfg = Release|Any CPU
		{5CB2BA52-A94E-4C8C-99EB-B62FE2017216}.Release|Any CPU.Build.0 = Release|Any CPU
	EndGlobalSection
	GlobalSection(SolutionProperties) = preSolution
		HideSolutionNode = FALSE
	EndGlobalSection
	GlobalSection(ExtensibilityGlobals) = postSolution
		SolutionGuid = {6BA43EFF-3EA9-4964-8AB8-380D19307C95}
	EndGlobalSection
EndGlobal
