
Microsoft Visual Studio Solution File, Format Version 12.00
# Visual Studio Version 17
VisualStudioVersion = 17.7.34003.232
MinimumVisualStudioVersion = 10.0.40219.1
Project("{FAE04EC0-301F-11D3-BF4B-00C04F79EFBC}") = "20-Exercicio1", "20-Exercicio1\20-Exercicio1.csproj", "{7C025F34-DA37-4AC5-A095-706E2617275C}"
EndProject
Global
	GlobalSection(SolutionConfigurationPlatforms) = preSolution
		Debug|Any CPU = Debug|Any CPU
		Release|Any CPU = Release|Any CPU
	EndGlobalSection
	GlobalSection(ProjectConfigurationPlatforms) = postSolution
		{7C025F34-DA37-4AC5-A095-706E2617275C}.Debug|Any CPU.ActiveCfg = Debug|Any CPU
		{7C025F34-DA37-4AC5-A095-706E2617275C}.Debug|Any CPU.Build.0 = Debug|Any CPU
		{7C025F34-DA37-4AC5-A095-706E2617275C}.Release|Any CPU.ActiveCfg = Release|Any CPU
		{7C025F34-DA37-4AC5-A095-706E2617275C}.Release|Any CPU.Build.0 = Release|Any CPU
	EndGlobalSection
	GlobalSection(SolutionProperties) = preSolution
		HideSolutionNode = FALSE
	EndGlobalSection
	GlobalSection(ExtensibilityGlobals) = postSolution
		SolutionGuid = {D884623F-F023-45DC-AB07-22E28D02576C}
	EndGlobalSection
EndGlobal
