
Microsoft Visual Studio Solution File, Format Version 12.00
# Visual Studio Version 17
VisualStudioVersion = 17.7.34003.232
MinimumVisualStudioVersion = 10.0.40219.1
Project("{FAE04EC0-301F-11D3-BF4B-00C04F79EFBC}") = "4-ControleDeEstoque", "4-ControleDeEstoque\4-ControleDeEstoque.csproj", "{AD980BE3-785C-4B28-9DFF-A68CEB71AD8D}"
EndProject
Global
	GlobalSection(SolutionConfigurationPlatforms) = preSolution
		Debug|Any CPU = Debug|Any CPU
		Release|Any CPU = Release|Any CPU
	EndGlobalSection
	GlobalSection(ProjectConfigurationPlatforms) = postSolution
		{AD980BE3-785C-4B28-9DFF-A68CEB71AD8D}.Debug|Any CPU.ActiveCfg = Debug|Any CPU
		{AD980BE3-785C-4B28-9DFF-A68CEB71AD8D}.Debug|Any CPU.Build.0 = Debug|Any CPU
		{AD980BE3-785C-4B28-9DFF-A68CEB71AD8D}.Release|Any CPU.ActiveCfg = Release|Any CPU
		{AD980BE3-785C-4B28-9DFF-A68CEB71AD8D}.Release|Any CPU.Build.0 = Release|Any CPU
	EndGlobalSection
	GlobalSection(SolutionProperties) = preSolution
		HideSolutionNode = FALSE
	EndGlobalSection
	GlobalSection(ExtensibilityGlobals) = postSolution
		SolutionGuid = {EAF36BC5-1910-4EE4-8665-02FF3D295388}
	EndGlobalSection
EndGlobal
