
Microsoft Visual Studio Solution File, Format Version 12.00
# Visual Studio Version 17
VisualStudioVersion = 17.7.34003.232
MinimumVisualStudioVersion = 10.0.40219.1
Project("{FAE04EC0-301F-11D3-BF4B-00C04F79EFBC}") = "22-ClassesAbstratas1", "22-ClassesAbstratas1\22-ClassesAbstratas1.csproj", "{B4DF20CD-A30B-43A8-BC40-0F41682F81C4}"
EndProject
Global
	GlobalSection(SolutionConfigurationPlatforms) = preSolution
		Debug|Any CPU = Debug|Any CPU
		Release|Any CPU = Release|Any CPU
	EndGlobalSection
	GlobalSection(ProjectConfigurationPlatforms) = postSolution
		{B4DF20CD-A30B-43A8-BC40-0F41682F81C4}.Debug|Any CPU.ActiveCfg = Debug|Any CPU
		{B4DF20CD-A30B-43A8-BC40-0F41682F81C4}.Debug|Any CPU.Build.0 = Debug|Any CPU
		{B4DF20CD-A30B-43A8-BC40-0F41682F81C4}.Release|Any CPU.ActiveCfg = Release|Any CPU
		{B4DF20CD-A30B-43A8-BC40-0F41682F81C4}.Release|Any CPU.Build.0 = Release|Any CPU
	EndGlobalSection
	GlobalSection(SolutionProperties) = preSolution
		HideSolutionNode = FALSE
	EndGlobalSection
	GlobalSection(ExtensibilityGlobals) = postSolution
		SolutionGuid = {32C849EE-7E78-4C69-8DBA-88511D929D8F}
	EndGlobalSection
EndGlobal
