
Microsoft Visual Studio Solution File, Format Version 12.00
# Visual Studio Version 17
VisualStudioVersion = 17.7.34003.232
MinimumVisualStudioVersion = 10.0.40219.1
Project("{FAE04EC0-301F-11D3-BF4B-00C04F79EFBC}") = "3-Funcoes", "3-Funcoes\3-Funcoes.csproj", "{B2EC624F-2FC0-433E-ADC1-E88E45FC99BF}"
EndProject
Global
	GlobalSection(SolutionConfigurationPlatforms) = preSolution
		Debug|Any CPU = Debug|Any CPU
		Release|Any CPU = Release|Any CPU
	EndGlobalSection
	GlobalSection(ProjectConfigurationPlatforms) = postSolution
		{B2EC624F-2FC0-433E-ADC1-E88E45FC99BF}.Debug|Any CPU.ActiveCfg = Debug|Any CPU
		{B2EC624F-2FC0-433E-ADC1-E88E45FC99BF}.Debug|Any CPU.Build.0 = Debug|Any CPU
		{B2EC624F-2FC0-433E-ADC1-E88E45FC99BF}.Release|Any CPU.ActiveCfg = Release|Any CPU
		{B2EC624F-2FC0-433E-ADC1-E88E45FC99BF}.Release|Any CPU.Build.0 = Release|Any CPU
	EndGlobalSection
	GlobalSection(SolutionProperties) = preSolution
		HideSolutionNode = FALSE
	EndGlobalSection
	GlobalSection(ExtensibilityGlobals) = postSolution
		SolutionGuid = {11E55B4C-28BD-4A93-A32C-575083F0749B}
	EndGlobalSection
EndGlobal
