
Microsoft Visual Studio Solution File, Format Version 12.00
# Visual Studio Version 17
VisualStudioVersion = 17.7.34003.232
MinimumVisualStudioVersion = 10.0.40219.1
Project("{FAE04EC0-301F-11D3-BF4B-00C04F79EFBC}") = "10-ModificadorDeParametros", "10-ModificadorDeParametros\10-ModificadorDeParametros.csproj", "{BE9ECB95-708D-49CF-B00E-655CD99674F9}"
EndProject
Global
	GlobalSection(SolutionConfigurationPlatforms) = preSolution
		Debug|Any CPU = Debug|Any CPU
		Release|Any CPU = Release|Any CPU
	EndGlobalSection
	GlobalSection(ProjectConfigurationPlatforms) = postSolution
		{BE9ECB95-708D-49CF-B00E-655CD99674F9}.Debug|Any CPU.ActiveCfg = Debug|Any CPU
		{BE9ECB95-708D-49CF-B00E-655CD99674F9}.Debug|Any CPU.Build.0 = Debug|Any CPU
		{BE9ECB95-708D-49CF-B00E-655CD99674F9}.Release|Any CPU.ActiveCfg = Release|Any CPU
		{BE9ECB95-708D-49CF-B00E-655CD99674F9}.Release|Any CPU.Build.0 = Release|Any CPU
	EndGlobalSection
	GlobalSection(SolutionProperties) = preSolution
		HideSolutionNode = FALSE
	EndGlobalSection
	GlobalSection(ExtensibilityGlobals) = postSolution
		SolutionGuid = {D19F4758-1C49-401A-AEBD-17C4B50B8C0C}
	EndGlobalSection
EndGlobal
