
Microsoft Visual Studio Solution File, Format Version 12.00
# Visual Studio Version 17
VisualStudioVersion = 17.7.34031.279
MinimumVisualStudioVersion = 10.0.40219.1
Project("{FAE04EC0-301F-11D3-BF4B-00C04F79EFBC}") = "47-Exercicio", "47-Exercicio\47-Exercicio.csproj", "{2C4DD0D8-9948-4482-922E-D1B1087419F6}"
EndProject
Global
	GlobalSection(SolutionConfigurationPlatforms) = preSolution
		Debug|Any CPU = Debug|Any CPU
		Release|Any CPU = Release|Any CPU
	EndGlobalSection
	GlobalSection(ProjectConfigurationPlatforms) = postSolution
		{2C4DD0D8-9948-4482-922E-D1B1087419F6}.Debug|Any CPU.ActiveCfg = Debug|Any CPU
		{2C4DD0D8-9948-4482-922E-D1B1087419F6}.Debug|Any CPU.Build.0 = Debug|Any CPU
		{2C4DD0D8-9948-4482-922E-D1B1087419F6}.Release|Any CPU.ActiveCfg = Release|Any CPU
		{2C4DD0D8-9948-4482-922E-D1B1087419F6}.Release|Any CPU.Build.0 = Release|Any CPU
	EndGlobalSection
	GlobalSection(SolutionProperties) = preSolution
		HideSolutionNode = FALSE
	EndGlobalSection
	GlobalSection(ExtensibilityGlobals) = postSolution
		SolutionGuid = {531AD2BC-73A4-40F9-AE53-A0C3B9E08FA0}
	EndGlobalSection
EndGlobal
