
Microsoft Visual Studio Solution File, Format Version 12.00
# Visual Studio Version 17
VisualStudioVersion = 17.7.34003.232
MinimumVisualStudioVersion = 10.0.40219.1
Project("{FAE04EC0-301F-11D3-BF4B-00C04F79EFBC}") = "12-Listas", "12-Listas\12-Listas.csproj", "{8B7A065B-5625-4C1B-9DD8-142890A47096}"
EndProject
Global
	GlobalSection(SolutionConfigurationPlatforms) = preSolution
		Debug|Any CPU = Debug|Any CPU
		Release|Any CPU = Release|Any CPU
	EndGlobalSection
	GlobalSection(ProjectConfigurationPlatforms) = postSolution
		{8B7A065B-5625-4C1B-9DD8-142890A47096}.Debug|Any CPU.ActiveCfg = Debug|Any CPU
		{8B7A065B-5625-4C1B-9DD8-142890A47096}.Debug|Any CPU.Build.0 = Debug|Any CPU
		{8B7A065B-5625-4C1B-9DD8-142890A47096}.Release|Any CPU.ActiveCfg = Release|Any CPU
		{8B7A065B-5625-4C1B-9DD8-142890A47096}.Release|Any CPU.Build.0 = Release|Any CPU
	EndGlobalSection
	GlobalSection(SolutionProperties) = preSolution
		HideSolutionNode = FALSE
	EndGlobalSection
	GlobalSection(ExtensibilityGlobals) = postSolution
		SolutionGuid = {D9D1C8D3-9299-4B84-9BC6-ADD0C060939F}
	EndGlobalSection
EndGlobal
